
Microsoft Visual Studio Solution File, Format Version 12.00
# Visual Studio 14
VisualStudioVersion = 14.0.25123.0
MinimumVisualStudioVersion = 10.0.40219.1
Project("{FAE04EC0-301F-11D3-BF4B-00C04F79EFBC}") = "SFM(Files)", "SFM(Files)\SFM(Files).csproj", "{1834912D-6D73-495B-877A-8AB03299E1AD}"
EndProject
Global
	GlobalSection(SolutionConfigurationPlatforms) = preSolution
		Debug|Any CPU = Debug|Any CPU
		Release|Any CPU = Release|Any CPU
	EndGlobalSection
	GlobalSection(ProjectConfigurationPlatforms) = postSolution
		{1834912D-6D73-495B-877A-8AB03299E1AD}.Debug|Any CPU.ActiveCfg = Debug|Any CPU
		{1834912D-6D73-495B-877A-8AB03299E1AD}.Debug|Any CPU.Build.0 = Debug|Any CPU
		{1834912D-6D73-495B-877A-8AB03299E1AD}.Release|Any CPU.ActiveCfg = Release|Any CPU
		{1834912D-6D73-495B-877A-8AB03299E1AD}.Release|Any CPU.Build.0 = Release|Any CPU
	EndGlobalSection
	GlobalSection(SolutionProperties) = preSolution
		HideSolutionNode = FALSE
	EndGlobalSection
EndGlobal
